
Microsoft Visual Studio Solution File, Format Version 12.00
# Visual Studio 15
VisualStudioVersion = 15.0.27924.0
MinimumVisualStudioVersion = 10.0.40219.1
Project("{FAE04EC0-301F-11D3-BF4B-00C04F79EFBC}") = "XamarinLocalStorage.Android", "XamarinLocalStorage\XamarinLocalStorage.Android\XamarinLocalStorage.Android.csproj", "{0DF21B02-7D5F-4F21-A1A9-D9420999EA1A}"
EndProject
Project("{FAE04EC0-301F-11D3-BF4B-00C04F79EFBC}") = "XamarinLocalStorage.iOS", "XamarinLocalStorage\XamarinLocalStorage.iOS\XamarinLocalStorage.iOS.csproj", "{4362EA59-DCC3-41C2-BE90-7609CADABDFA}"
EndProject
Project("{FAE04EC0-301F-11D3-BF4B-00C04F79EFBC}") = "XamarinLocalStorage.UWP", "XamarinLocalStorage\XamarinLocalStorage.UWP\XamarinLocalStorage.UWP.csproj", "{063CD5F9-CB66-4C32-9A58-E2E467BE2424}"
EndProject
Project("{FAE04EC0-301F-11D3-BF4B-00C04F79EFBC}") = "XamarinLocalStorage", "XamarinLocalStorage\XamarinLocalStorage\XamarinLocalStorage.csproj", "{204F3C8C-5F89-4B50-A956-A61EE09B0CAC}"
EndProject
Global
	GlobalSection(SolutionConfigurationPlatforms) = preSolution
		Ad-Hoc|Any CPU = Ad-Hoc|Any CPU
		Ad-Hoc|ARM = Ad-Hoc|ARM
		Ad-Hoc|iPhone = Ad-Hoc|iPhone
		Ad-Hoc|iPhoneSimulator = Ad-Hoc|iPhoneSimulator
		Ad-Hoc|x64 = Ad-Hoc|x64
		Ad-Hoc|x86 = Ad-Hoc|x86
		AppStore|Any CPU = AppStore|Any CPU
		AppStore|ARM = AppStore|ARM
		AppStore|iPhone = AppStore|iPhone
		AppStore|iPhoneSimulator = AppStore|iPhoneSimulator
		AppStore|x64 = AppStore|x64
		AppStore|x86 = AppStore|x86
		Debug|Any CPU = Debug|Any CPU
		Debug|ARM = Debug|ARM
		Debug|iPhone = Debug|iPhone
		Debug|iPhoneSimulator = Debug|iPhoneSimulator
		Debug|x64 = Debug|x64
		Debug|x86 = Debug|x86
		Release|Any CPU = Release|Any CPU
		Release|ARM = Release|ARM
		Release|iPhone = Release|iPhone
		Release|iPhoneSimulator = Release|iPhoneSimulator
		Release|x64 = Release|x64
		Release|x86 = Release|x86
	EndGlobalSection
	GlobalSection(ProjectConfigurationPlatforms) = postSolution
		{0DF21B02-7D5F-4F21-A1A9-D9420999EA1A}.Ad-Hoc|Any CPU.ActiveCfg = Release|Any CPU
		{0DF21B02-7D5F-4F21-A1A9-D9420999EA1A}.Ad-Hoc|Any CPU.Build.0 = Release|Any CPU
		{0DF21B02-7D5F-4F21-A1A9-D9420999EA1A}.Ad-Hoc|Any CPU.Deploy.0 = Release|Any CPU
		{0DF21B02-7D5F-4F21-A1A9-D9420999EA1A}.Ad-Hoc|ARM.ActiveCfg = Release|Any CPU
		{0DF21B02-7D5F-4F21-A1A9-D9420999EA1A}.Ad-Hoc|ARM.Build.0 = Release|Any CPU
		{0DF21B02-7D5F-4F21-A1A9-D9420999EA1A}.Ad-Hoc|ARM.Deploy.0 = Release|Any CPU
		{0DF21B02-7D5F-4F21-A1A9-D9420999EA1A}.Ad-Hoc|iPhone.ActiveCfg = Release|Any CPU
		{0DF21B02-7D5F-4F21-A1A9-D9420999EA1A}.Ad-Hoc|iPhone.Build.0 = Release|Any CPU
		{0DF21B02-7D5F-4F21-A1A9-D9420999EA1A}.Ad-Hoc|iPhone.Deploy.0 = Release|Any CPU
		{0DF21B02-7D5F-4F21-A1A9-D9420999EA1A}.Ad-Hoc|iPhoneSimulator.ActiveCfg = Release|Any CPU
		{0DF21B02-7D5F-4F21-A1A9-D9420999EA1A}.Ad-Hoc|iPhoneSimulator.Build.0 = Release|Any CPU
		{0DF21B02-7D5F-4F21-A1A9-D9420999EA1A}.Ad-Hoc|iPhoneSimulator.Deploy.0 = Release|Any CPU
		{0DF21B02-7D5F-4F21-A1A9-D9420999EA1A}.Ad-Hoc|x64.ActiveCfg = Release|Any CPU
		{0DF21B02-7D5F-4F21-A1A9-D9420999EA1A}.Ad-Hoc|x64.Build.0 = Release|Any CPU
		{0DF21B02-7D5F-4F21-A1A9-D9420999EA1A}.Ad-Hoc|x64.Deploy.0 = Release|Any CPU
		{0DF21B02-7D5F-4F21-A1A9-D9420999EA1A}.Ad-Hoc|x86.ActiveCfg = Release|Any CPU
		{0DF21B02-7D5F-4F21-A1A9-D9420999EA1A}.Ad-Hoc|x86.Build.0 = Release|Any CPU
		{0DF21B02-7D5F-4F21-A1A9-D9420999EA1A}.Ad-Hoc|x86.Deploy.0 = Release|Any CPU
		{0DF21B02-7D5F-4F21-A1A9-D9420999EA1A}.AppStore|Any CPU.ActiveCfg = Release|Any CPU
		{0DF21B02-7D5F-4F21-A1A9-D9420999EA1A}.AppStore|Any CPU.Build.0 = Release|Any CPU
		{0DF21B02-7D5F-4F21-A1A9-D9420999EA1A}.AppStore|Any CPU.Deploy.0 = Release|Any CPU
		{0DF21B02-7D5F-4F21-A1A9-D9420999EA1A}.AppStore|ARM.ActiveCfg = Release|Any CPU
		{0DF21B02-7D5F-4F21-A1A9-D9420999EA1A}.AppStore|ARM.Build.0 = Release|Any CPU
		{0DF21B02-7D5F-4F21-A1A9-D9420999EA1A}.AppStore|ARM.Deploy.0 = Release|Any CPU
		{0DF21B02-7D5F-4F21-A1A9-D9420999EA1A}.AppStore|iPhone.ActiveCfg = Release|Any CPU
		{0DF21B02-7D5F-4F21-A1A9-D9420999EA1A}.AppStore|iPhone.Build.0 = Release|Any CPU
		{0DF21B02-7D5F-4F21-A1A9-D9420999EA1A}.AppStore|iPhone.Deploy.0 = Release|Any CPU
		{0DF21B02-7D5F-4F21-A1A9-D9420999EA1A}.AppStore|iPhoneSimulator.ActiveCfg = Release|Any CPU
		{0DF21B02-7D5F-4F21-A1A9-D9420999EA1A}.AppStore|iPhoneSimulator.Build.0 = Release|Any CPU
		{0DF21B02-7D5F-4F21-A1A9-D9420999EA1A}.AppStore|iPhoneSimulator.Deploy.0 = Release|Any CPU
		{0DF21B02-7D5F-4F21-A1A9-D9420999EA1A}.AppStore|x64.ActiveCfg = Release|Any CPU
		{0DF21B02-7D5F-4F21-A1A9-D9420999EA1A}.AppStore|x64.Build.0 = Release|Any CPU
		{0DF21B02-7D5F-4F21-A1A9-D9420999EA1A}.AppStore|x64.Deploy.0 = Release|Any CPU
		{0DF21B02-7D5F-4F21-A1A9-D9420999EA1A}.AppStore|x86.ActiveCfg = Release|Any CPU
		{0DF21B02-7D5F-4F21-A1A9-D9420999EA1A}.AppStore|x86.Build.0 = Release|Any CPU
		{0DF21B02-7D5F-4F21-A1A9-D9420999EA1A}.AppStore|x86.Deploy.0 = Release|Any CPU
		{0DF21B02-7D5F-4F21-A1A9-D9420999EA1A}.Debug|Any CPU.ActiveCfg = Debug|Any CPU
		{0DF21B02-7D5F-4F21-A1A9-D9420999EA1A}.Debug|Any CPU.Build.0 = Debug|Any CPU
		{0DF21B02-7D5F-4F21-A1A9-D9420999EA1A}.Debug|Any CPU.Deploy.0 = Debug|Any CPU
		{0DF21B02-7D5F-4F21-A1A9-D9420999EA1A}.Debug|ARM.ActiveCfg = Debug|Any CPU
		{0DF21B02-7D5F-4F21-A1A9-D9420999EA1A}.Debug|ARM.Build.0 = Debug|Any CPU
		{0DF21B02-7D5F-4F21-A1A9-D9420999EA1A}.Debug|ARM.Deploy.0 = Debug|Any CPU
		{0DF21B02-7D5F-4F21-A1A9-D9420999EA1A}.Debug|iPhone.ActiveCfg = Debug|Any CPU
		{0DF21B02-7D5F-4F21-A1A9-D9420999EA1A}.Debug|iPhone.Build.0 = Debug|Any CPU
		{0DF21B02-7D5F-4F21-A1A9-D9420999EA1A}.Debug|iPhone.Deploy.0 = Debug|Any CPU
		{0DF21B02-7D5F-4F21-A1A9-D9420999EA1A}.Debug|iPhoneSimulator.ActiveCfg = Debug|Any CPU
		{0DF21B02-7D5F-4F21-A1A9-D9420999EA1A}.Debug|iPhoneSimulator.Build.0 = Debug|Any CPU
		{0DF21B02-7D5F-4F21-A1A9-D9420999EA1A}.Debug|iPhoneSimulator.Deploy.0 = Debug|Any CPU
		{0DF21B02-7D5F-4F21-A1A9-D9420999EA1A}.Debug|x64.ActiveCfg = Debug|Any CPU
		{0DF21B02-7D5F-4F21-A1A9-D9420999EA1A}.Debug|x64.Build.0 = Debug|Any CPU
		{0DF21B02-7D5F-4F21-A1A9-D9420999EA1A}.Debug|x64.Deploy.0 = Debug|Any CPU
		{0DF21B02-7D5F-4F21-A1A9-D9420999EA1A}.Debug|x86.ActiveCfg = Debug|Any CPU
		{0DF21B02-7D5F-4F21-A1A9-D9420999EA1A}.Debug|x86.Build.0 = Debug|Any CPU
		{0DF21B02-7D5F-4F21-A1A9-D9420999EA1A}.Debug|x86.Deploy.0 = Debug|Any CPU
		{0DF21B02-7D5F-4F21-A1A9-D9420999EA1A}.Release|Any CPU.ActiveCfg = Release|Any CPU
		{0DF21B02-7D5F-4F21-A1A9-D9420999EA1A}.Release|Any CPU.Build.0 = Release|Any CPU
		{0DF21B02-7D5F-4F21-A1A9-D9420999EA1A}.Release|Any CPU.Deploy.0 = Release|Any CPU
		{0DF21B02-7D5F-4F21-A1A9-D9420999EA1A}.Release|ARM.ActiveCfg = Release|Any CPU
		{0DF21B02-7D5F-4F21-A1A9-D9420999EA1A}.Release|ARM.Build.0 = Release|Any CPU
		{0DF21B02-7D5F-4F21-A1A9-D9420999EA1A}.Release|ARM.Deploy.0 = Release|Any CPU
		{0DF21B02-7D5F-4F21-A1A9-D9420999EA1A}.Release|iPhone.ActiveCfg = Release|Any CPU
		{0DF21B02-7D5F-4F21-A1A9-D9420999EA1A}.Release|iPhone.Build.0 = Release|Any CPU
		{0DF21B02-7D5F-4F21-A1A9-D9420999EA1A}.Release|iPhone.Deploy.0 = Release|Any CPU
		{0DF21B02-7D5F-4F21-A1A9-D9420999EA1A}.Release|iPhoneSimulator.ActiveCfg = Release|Any CPU
		{0DF21B02-7D5F-4F21-A1A9-D9420999EA1A}.Release|iPhoneSimulator.Build.0 = Release|Any CPU
		{0DF21B02-7D5F-4F21-A1A9-D9420999EA1A}.Release|iPhoneSimulator.Deploy.0 = Release|Any CPU
		{0DF21B02-7D5F-4F21-A1A9-D9420999EA1A}.Release|x64.ActiveCfg = Release|Any CPU
		{0DF21B02-7D5F-4F21-A1A9-D9420999EA1A}.Release|x64.Build.0 = Release|Any CPU
		{0DF21B02-7D5F-4F21-A1A9-D9420999EA1A}.Release|x64.Deploy.0 = Release|Any CPU
		{0DF21B02-7D5F-4F21-A1A9-D9420999EA1A}.Release|x86.ActiveCfg = Release|Any CPU
		{0DF21B02-7D5F-4F21-A1A9-D9420999EA1A}.Release|x86.Build.0 = Release|Any CPU
		{0DF21B02-7D5F-4F21-A1A9-D9420999EA1A}.Release|x86.Deploy.0 = Release|Any CPU
		{4362EA59-DCC3-41C2-BE90-7609CADABDFA}.Ad-Hoc|Any CPU.ActiveCfg = Ad-Hoc|iPhone
		{4362EA59-DCC3-41C2-BE90-7609CADABDFA}.Ad-Hoc|Any CPU.Build.0 = Ad-Hoc|iPhone
		{4362EA59-DCC3-41C2-BE90-7609CADABDFA}.Ad-Hoc|Any CPU.Deploy.0 = Ad-Hoc|iPhone
		{4362EA59-DCC3-41C2-BE90-7609CADABDFA}.Ad-Hoc|ARM.ActiveCfg = Ad-Hoc|iPhone
		{4362EA59-DCC3-41C2-BE90-7609CADABDFA}.Ad-Hoc|ARM.Build.0 = Ad-Hoc|iPhone
		{4362EA59-DCC3-41C2-BE90-7609CADABDFA}.Ad-Hoc|ARM.Deploy.0 = Ad-Hoc|iPhone
		{4362EA59-DCC3-41C2-BE90-7609CADABDFA}.Ad-Hoc|iPhone.ActiveCfg = Ad-Hoc|iPhone
		{4362EA59-DCC3-41C2-BE90-7609CADABDFA}.Ad-Hoc|iPhone.Build.0 = Ad-Hoc|iPhone
		{4362EA59-DCC3-41C2-BE90-7609CADABDFA}.Ad-Hoc|iPhone.Deploy.0 = Ad-Hoc|iPhone
		{4362EA59-DCC3-41C2-BE90-7609CADABDFA}.Ad-Hoc|iPhoneSimulator.ActiveCfg = Ad-Hoc|iPhoneSimulator
		{4362EA59-DCC3-41C2-BE90-7609CADABDFA}.Ad-Hoc|iPhoneSimulator.Build.0 = Ad-Hoc|iPhoneSimulator
		{4362EA59-DCC3-41C2-BE90-7609CADABDFA}.Ad-Hoc|iPhoneSimulator.Deploy.0 = Ad-Hoc|iPhoneSimulator
		{4362EA59-DCC3-41C2-BE90-7609CADABDFA}.Ad-Hoc|x64.ActiveCfg = Ad-Hoc|iPhone
		{4362EA59-DCC3-41C2-BE90-7609CADABDFA}.Ad-Hoc|x64.Build.0 = Ad-Hoc|iPhone
		{4362EA59-DCC3-41C2-BE90-7609CADABDFA}.Ad-Hoc|x64.Deploy.0 = Ad-Hoc|iPhone
		{4362EA59-DCC3-41C2-BE90-7609CADABDFA}.Ad-Hoc|x86.ActiveCfg = Ad-Hoc|iPhone
		{4362EA59-DCC3-41C2-BE90-7609CADABDFA}.Ad-Hoc|x86.Build.0 = Ad-Hoc|iPhone
		{4362EA59-DCC3-41C2-BE90-7609CADABDFA}.Ad-Hoc|x86.Deploy.0 = Ad-Hoc|iPhone
		{4362EA59-DCC3-41C2-BE90-7609CADABDFA}.AppStore|Any CPU.ActiveCfg = AppStore|iPhone
		{4362EA59-DCC3-41C2-BE90-7609CADABDFA}.AppStore|Any CPU.Build.0 = AppStore|iPhone
		{4362EA59-DCC3-41C2-BE90-7609CADABDFA}.AppStore|Any CPU.Deploy.0 = AppStore|iPhone
		{4362EA59-DCC3-41C2-BE90-7609CADABDFA}.AppStore|ARM.ActiveCfg = AppStore|iPhone
		{4362EA59-DCC3-41C2-BE90-7609CADABDFA}.AppStore|ARM.Build.0 = AppStore|iPhone
		{4362EA59-DCC3-41C2-BE90-7609CADABDFA}.AppStore|ARM.Deploy.0 = AppStore|iPhone
		{4362EA59-DCC3-41C2-BE90-7609CADABDFA}.AppStore|iPhone.ActiveCfg = AppStore|iPhone
		{4362EA59-DCC3-41C2-BE90-7609CADABDFA}.AppStore|iPhone.Build.0 = AppStore|iPhone
		{4362EA59-DCC3-41C2-BE90-7609CADABDFA}.AppStore|iPhone.Deploy.0 = AppStore|iPhone
		{4362EA59-DCC3-41C2-BE90-7609CADABDFA}.AppStore|iPhoneSimulator.ActiveCfg = AppStore|iPhoneSimulator
		{4362EA59-DCC3-41C2-BE90-7609CADABDFA}.AppStore|iPhoneSimulator.Build.0 = AppStore|iPhoneSimulator
		{4362EA59-DCC3-41C2-BE90-7609CADABDFA}.AppStore|iPhoneSimulator.Deploy.0 = AppStore|iPhoneSimulator
		{4362EA59-DCC3-41C2-BE90-7609CADABDFA}.AppStore|x64.ActiveCfg = AppStore|iPhone
		{4362EA59-DCC3-41C2-BE90-7609CADABDFA}.AppStore|x64.Build.0 = AppStore|iPhone
		{4362EA59-DCC3-41C2-BE90-7609CADABDFA}.AppStore|x64.Deploy.0 = AppStore|iPhone
		{4362EA59-DCC3-41C2-BE90-7609CADABDFA}.AppStore|x86.ActiveCfg = AppStore|iPhone
		{4362EA59-DCC3-41C2-BE90-7609CADABDFA}.AppStore|x86.Build.0 = AppStore|iPhone
		{4362EA59-DCC3-41C2-BE90-7609CADABDFA}.AppStore|x86.Deploy.0 = AppStore|iPhone
		{4362EA59-DCC3-41C2-BE90-7609CADABDFA}.Debug|Any CPU.ActiveCfg = Debug|iPhoneSimulator
		{4362EA59-DCC3-41C2-BE90-7609CADABDFA}.Debug|Any CPU.Build.0 = Debug|iPhoneSimulator
		{4362EA59-DCC3-41C2-BE90-7609CADABDFA}.Debug|Any CPU.Deploy.0 = Debug|iPhoneSimulator
		{4362EA59-DCC3-41C2-BE90-7609CADABDFA}.Debug|ARM.ActiveCfg = Debug|iPhone
		{4362EA59-DCC3-41C2-BE90-7609CADABDFA}.Debug|ARM.Build.0 = Debug|iPhone
		{4362EA59-DCC3-41C2-BE90-7609CADABDFA}.Debug|ARM.Deploy.0 = Debug|iPhone
		{4362EA59-DCC3-41C2-BE90-7609CADABDFA}.Debug|iPhone.ActiveCfg = Debug|iPhone
		{4362EA59-DCC3-41C2-BE90-7609CADABDFA}.Debug|iPhone.Build.0 = Debug|iPhone
		{4362EA59-DCC3-41C2-BE90-7609CADABDFA}.Debug|iPhone.Deploy.0 = Debug|iPhone
		{4362EA59-DCC3-41C2-BE90-7609CADABDFA}.Debug|iPhoneSimulator.ActiveCfg = Debug|iPhoneSimulator
		{4362EA59-DCC3-41C2-BE90-7609CADABDFA}.Debug|iPhoneSimulator.Build.0 = Debug|iPhoneSimulator
		{4362EA59-DCC3-41C2-BE90-7609CADABDFA}.Debug|iPhoneSimulator.Deploy.0 = Debug|iPhoneSimulator
		{4362EA59-DCC3-41C2-BE90-7609CADABDFA}.Debug|x64.ActiveCfg = Debug|iPhone
		{4362EA59-DCC3-41C2-BE90-7609CADABDFA}.Debug|x64.Build.0 = Debug|iPhone
		{4362EA59-DCC3-41C2-BE90-7609CADABDFA}.Debug|x64.Deploy.0 = Debug|iPhone
		{4362EA59-DCC3-41C2-BE90-7609CADABDFA}.Debug|x86.ActiveCfg = Debug|iPhone
		{4362EA59-DCC3-41C2-BE90-7609CADABDFA}.Debug|x86.Build.0 = Debug|iPhone
		{4362EA59-DCC3-41C2-BE90-7609CADABDFA}.Debug|x86.Deploy.0 = Debug|iPhone
		{4362EA59-DCC3-41C2-BE90-7609CADABDFA}.Release|Any CPU.ActiveCfg = Release|iPhone
		{4362EA59-DCC3-41C2-BE90-7609CADABDFA}.Release|Any CPU.Build.0 = Release|iPhone
		{4362EA59-DCC3-41C2-BE90-7609CADABDFA}.Release|Any CPU.Deploy.0 = Release|iPhone
		{4362EA59-DCC3-41C2-BE90-7609CADABDFA}.Release|ARM.ActiveCfg = Release|iPhone
		{4362EA59-DCC3-41C2-BE90-7609CADABDFA}.Release|ARM.Build.0 = Release|iPhone
		{4362EA59-DCC3-41C2-BE90-7609CADABDFA}.Release|ARM.Deploy.0 = Release|iPhone
		{4362EA59-DCC3-41C2-BE90-7609CADABDFA}.Release|iPhone.ActiveCfg = Release|iPhone
		{4362EA59-DCC3-41C2-BE90-7609CADABDFA}.Release|iPhone.Build.0 = Release|iPhone
		{4362EA59-DCC3-41C2-BE90-7609CADABDFA}.Release|iPhone.Deploy.0 = Release|iPhone
		{4362EA59-DCC3-41C2-BE90-7609CADABDFA}.Release|iPhoneSimulator.ActiveCfg = Release|iPhoneSimulator
		{4362EA59-DCC3-41C2-BE90-7609CADABDFA}.Release|iPhoneSimulator.Build.0 = Release|iPhoneSimulator
		{4362EA59-DCC3-41C2-BE90-7609CADABDFA}.Release|iPhoneSimulator.Deploy.0 = Release|iPhoneSimulator
		{4362EA59-DCC3-41C2-BE90-7609CADABDFA}.Release|x64.ActiveCfg = Release|iPhone
		{4362EA59-DCC3-41C2-BE90-7609CADABDFA}.Release|x64.Build.0 = Release|iPhone
		{4362EA59-DCC3-41C2-BE90-7609CADABDFA}.Release|x64.Deploy.0 = Release|iPhone
		{4362EA59-DCC3-41C2-BE90-7609CADABDFA}.Release|x86.ActiveCfg = Release|iPhone
		{4362EA59-DCC3-41C2-BE90-7609CADABDFA}.Release|x86.Build.0 = Release|iPhone
		{4362EA59-DCC3-41C2-BE90-7609CADABDFA}.Release|x86.Deploy.0 = Release|iPhone
		{063CD5F9-CB66-4C32-9A58-E2E467BE2424}.Ad-Hoc|Any CPU.ActiveCfg = Release|x86
		{063CD5F9-CB66-4C32-9A58-E2E467BE2424}.Ad-Hoc|Any CPU.Build.0 = Release|x86
		{063CD5F9-CB66-4C32-9A58-E2E467BE2424}.Ad-Hoc|Any CPU.Deploy.0 = Release|x86
		{063CD5F9-CB66-4C32-9A58-E2E467BE2424}.Ad-Hoc|ARM.ActiveCfg = Release|ARM
		{063CD5F9-CB66-4C32-9A58-E2E467BE2424}.Ad-Hoc|ARM.Build.0 = Release|ARM
		{063CD5F9-CB66-4C32-9A58-E2E467BE2424}.Ad-Hoc|ARM.Deploy.0 = Release|ARM
		{063CD5F9-CB66-4C32-9A58-E2E467BE2424}.Ad-Hoc|iPhone.ActiveCfg = Release|x86
		{063CD5F9-CB66-4C32-9A58-E2E467BE2424}.Ad-Hoc|iPhone.Build.0 = Release|x86
		{063CD5F9-CB66-4C32-9A58-E2E467BE2424}.Ad-Hoc|iPhone.Deploy.0 = Release|x86
		{063CD5F9-CB66-4C32-9A58-E2E467BE2424}.Ad-Hoc|iPhoneSimulator.ActiveCfg = Release|x86
		{063CD5F9-CB66-4C32-9A58-E2E467BE2424}.Ad-Hoc|iPhoneSimulator.Build.0 = Release|x86
		{063CD5F9-CB66-4C32-9A58-E2E467BE2424}.Ad-Hoc|iPhoneSimulator.Deploy.0 = Release|x86
		{063CD5F9-CB66-4C32-9A58-E2E467BE2424}.Ad-Hoc|x64.ActiveCfg = Release|x64
		{063CD5F9-CB66-4C32-9A58-E2E467BE2424}.Ad-Hoc|x64.Build.0 = Release|x64
		{063CD5F9-CB66-4C32-9A58-E2E467BE2424}.Ad-Hoc|x64.Deploy.0 = Release|x64
		{063CD5F9-CB66-4C32-9A58-E2E467BE2424}.Ad-Hoc|x86.ActiveCfg = Release|x86
		{063CD5F9-CB66-4C32-9A58-E2E467BE2424}.Ad-Hoc|x86.Build.0 = Release|x86
		{063CD5F9-CB66-4C32-9A58-E2E467BE2424}.Ad-Hoc|x86.Deploy.0 = Release|x86
		{063CD5F9-CB66-4C32-9A58-E2E467BE2424}.AppStore|Any CPU.ActiveCfg = Release|x86
		{063CD5F9-CB66-4C32-9A58-E2E467BE2424}.AppStore|Any CPU.Build.0 = Release|x86
		{063CD5F9-CB66-4C32-9A58-E2E467BE2424}.AppStore|Any CPU.Deploy.0 = Release|x86
		{063CD5F9-CB66-4C32-9A58-E2E467BE2424}.AppStore|ARM.ActiveCfg = Release|ARM
		{063CD5F9-CB66-4C32-9A58-E2E467BE2424}.AppStore|ARM.Build.0 = Release|ARM
		{063CD5F9-CB66-4C32-9A58-E2E467BE2424}.AppStore|ARM.Deploy.0 = Release|ARM
		{063CD5F9-CB66-4C32-9A58-E2E467BE2424}.AppStore|iPhone.ActiveCfg = Release|x86
		{063CD5F9-CB66-4C32-9A58-E2E467BE2424}.AppStore|iPhone.Build.0 = Release|x86
		{063CD5F9-CB66-4C32-9A58-E2E467BE2424}.AppStore|iPhone.Deploy.0 = Release|x86
		{063CD5F9-CB66-4C32-9A58-E2E467BE2424}.AppStore|iPhoneSimulator.ActiveCfg = Release|x86
		{063CD5F9-CB66-4C32-9A58-E2E467BE2424}.AppStore|iPhoneSimulator.Build.0 = Release|x86
		{063CD5F9-CB66-4C32-9A58-E2E467BE2424}.AppStore|iPhoneSimulator.Deploy.0 = Release|x86
		{063CD5F9-CB66-4C32-9A58-E2E467BE2424}.AppStore|x64.ActiveCfg = Release|x64
		{063CD5F9-CB66-4C32-9A58-E2E467BE2424}.AppStore|x64.Build.0 = Release|x64
		{063CD5F9-CB66-4C32-9A58-E2E467BE2424}.AppStore|x64.Deploy.0 = Release|x64
		{063CD5F9-CB66-4C32-9A58-E2E467BE2424}.AppStore|x86.ActiveCfg = Release|x86
		{063CD5F9-CB66-4C32-9A58-E2E467BE2424}.AppStore|x86.Build.0 = Release|x86
		{063CD5F9-CB66-4C32-9A58-E2E467BE2424}.AppStore|x86.Deploy.0 = Release|x86
		{063CD5F9-CB66-4C32-9A58-E2E467BE2424}.Debug|Any CPU.ActiveCfg = Debug|x86
		{063CD5F9-CB66-4C32-9A58-E2E467BE2424}.Debug|Any CPU.Build.0 = Debug|x86
		{063CD5F9-CB66-4C32-9A58-E2E467BE2424}.Debug|Any CPU.Deploy.0 = Debug|x86
		{063CD5F9-CB66-4C32-9A58-E2E467BE2424}.Debug|ARM.ActiveCfg = Debug|ARM
		{063CD5F9-CB66-4C32-9A58-E2E467BE2424}.Debug|ARM.Build.0 = Debug|ARM
		{063CD5F9-CB66-4C32-9A58-E2E467BE2424}.Debug|ARM.Deploy.0 = Debug|ARM
		{063CD5F9-CB66-4C32-9A58-E2E467BE2424}.Debug|iPhone.ActiveCfg = Debug|x86
		{063CD5F9-CB66-4C32-9A58-E2E467BE2424}.Debug|iPhone.Build.0 = Debug|x86
		{063CD5F9-CB66-4C32-9A58-E2E467BE2424}.Debug|iPhone.Deploy.0 = Debug|x86
		{063CD5F9-CB66-4C32-9A58-E2E467BE2424}.Debug|iPhoneSimulator.ActiveCfg = Debug|x86
		{063CD5F9-CB66-4C32-9A58-E2E467BE2424}.Debug|iPhoneSimulator.Build.0 = Debug|x86
		{063CD5F9-CB66-4C32-9A58-E2E467BE2424}.Debug|iPhoneSimulator.Deploy.0 = Debug|x86
		{063CD5F9-CB66-4C32-9A58-E2E467BE2424}.Debug|x64.ActiveCfg = Debug|x64
		{063CD5F9-CB66-4C32-9A58-E2E467BE2424}.Debug|x64.Build.0 = Debug|x64
		{063CD5F9-CB66-4C32-9A58-E2E467BE2424}.Debug|x64.Deploy.0 = Debug|x64
		{063CD5F9-CB66-4C32-9A58-E2E467BE2424}.Debug|x86.ActiveCfg = Debug|x86
		{063CD5F9-CB66-4C32-9A58-E2E467BE2424}.Debug|x86.Build.0 = Debug|x86
		{063CD5F9-CB66-4C32-9A58-E2E467BE2424}.Debug|x86.Deploy.0 = Debug|x86
		{063CD5F9-CB66-4C32-9A58-E2E467BE2424}.Release|Any CPU.ActiveCfg = Release|x86
		{063CD5F9-CB66-4C32-9A58-E2E467BE2424}.Release|Any CPU.Build.0 = Release|x86
		{063CD5F9-CB66-4C32-9A58-E2E467BE2424}.Release|Any CPU.Deploy.0 = Release|x86
		{063CD5F9-CB66-4C32-9A58-E2E467BE2424}.Release|ARM.ActiveCfg = Release|ARM
		{063CD5F9-CB66-4C32-9A58-E2E467BE2424}.Release|ARM.Build.0 = Release|ARM
		{063CD5F9-CB66-4C32-9A58-E2E467BE2424}.Release|ARM.Deploy.0 = Release|ARM
		{063CD5F9-CB66-4C32-9A58-E2E467BE2424}.Release|iPhone.ActiveCfg = Release|x86
		{063CD5F9-CB66-4C32-9A58-E2E467BE2424}.Release|iPhone.Build.0 = Release|x86
		{063CD5F9-CB66-4C32-9A58-E2E467BE2424}.Release|iPhone.Deploy.0 = Release|x86
		{063CD5F9-CB66-4C32-9A58-E2E467BE2424}.Release|iPhoneSimulator.ActiveCfg = Release|x86
		{063CD5F9-CB66-4C32-9A58-E2E467BE2424}.Release|iPhoneSimulator.Build.0 = Release|x86
		{063CD5F9-CB66-4C32-9A58-E2E467BE2424}.Release|iPhoneSimulator.Deploy.0 = Release|x86
		{063CD5F9-CB66-4C32-9A58-E2E467BE2424}.Release|x64.ActiveCfg = Release|x64
		{063CD5F9-CB66-4C32-9A58-E2E467BE2424}.Release|x64.Build.0 = Release|x64
		{063CD5F9-CB66-4C32-9A58-E2E467BE2424}.Release|x64.Deploy.0 = Release|x64
		{063CD5F9-CB66-4C32-9A58-E2E467BE2424}.Release|x86.ActiveCfg = Release|x86
		{063CD5F9-CB66-4C32-9A58-E2E467BE2424}.Release|x86.Build.0 = Release|x86
		{063CD5F9-CB66-4C32-9A58-E2E467BE2424}.Release|x86.Deploy.0 = Release|x86
		{204F3C8C-5F89-4B50-A956-A61EE09B0CAC}.Ad-Hoc|Any CPU.ActiveCfg = Debug|Any CPU
		{204F3C8C-5F89-4B50-A956-A61EE09B0CAC}.Ad-Hoc|Any CPU.Build.0 = Debug|Any CPU
		{204F3C8C-5F89-4B50-A956-A61EE09B0CAC}.Ad-Hoc|Any CPU.Deploy.0 = Debug|Any CPU
		{204F3C8C-5F89-4B50-A956-A61EE09B0CAC}.Ad-Hoc|ARM.ActiveCfg = Debug|Any CPU
		{204F3C8C-5F89-4B50-A956-A61EE09B0CAC}.Ad-Hoc|ARM.Build.0 = Debug|Any CPU
		{204F3C8C-5F89-4B50-A956-A61EE09B0CAC}.Ad-Hoc|ARM.Deploy.0 = Debug|Any CPU
		{204F3C8C-5F89-4B50-A956-A61EE09B0CAC}.Ad-Hoc|iPhone.ActiveCfg = Debug|Any CPU
		{204F3C8C-5F89-4B50-A956-A61EE09B0CAC}.Ad-Hoc|iPhone.Build.0 = Debug|Any CPU
		{204F3C8C-5F89-4B50-A956-A61EE09B0CAC}.Ad-Hoc|iPhone.Deploy.0 = Debug|Any CPU
		{204F3C8C-5F89-4B50-A956-A61EE09B0CAC}.Ad-Hoc|iPhoneSimulator.ActiveCfg = Debug|Any CPU
		{204F3C8C-5F89-4B50-A956-A61EE09B0CAC}.Ad-Hoc|iPhoneSimulator.Build.0 = Debug|Any CPU
		{204F3C8C-5F89-4B50-A956-A61EE09B0CAC}.Ad-Hoc|iPhoneSimulator.Deploy.0 = Debug|Any CPU
		{204F3C8C-5F89-4B50-A956-A61EE09B0CAC}.Ad-Hoc|x64.ActiveCfg = Debug|Any CPU
		{204F3C8C-5F89-4B50-A956-A61EE09B0CAC}.Ad-Hoc|x64.Build.0 = Debug|Any CPU
		{204F3C8C-5F89-4B50-A956-A61EE09B0CAC}.Ad-Hoc|x64.Deploy.0 = Debug|Any CPU
		{204F3C8C-5F89-4B50-A956-A61EE09B0CAC}.Ad-Hoc|x86.ActiveCfg = Debug|Any CPU
		{204F3C8C-5F89-4B50-A956-A61EE09B0CAC}.Ad-Hoc|x86.Build.0 = Debug|Any CPU
		{204F3C8C-5F89-4B50-A956-A61EE09B0CAC}.Ad-Hoc|x86.Deploy.0 = Debug|Any CPU
		{204F3C8C-5F89-4B50-A956-A61EE09B0CAC}.AppStore|Any CPU.ActiveCfg = Debug|Any CPU
		{204F3C8C-5F89-4B50-A956-A61EE09B0CAC}.AppStore|Any CPU.Build.0 = Debug|Any CPU
		{204F3C8C-5F89-4B50-A956-A61EE09B0CAC}.AppStore|Any CPU.Deploy.0 = Debug|Any CPU
		{204F3C8C-5F89-4B50-A956-A61EE09B0CAC}.AppStore|ARM.ActiveCfg = Debug|Any CPU
		{204F3C8C-5F89-4B50-A956-A61EE09B0CAC}.AppStore|ARM.Build.0 = Debug|Any CPU
		{204F3C8C-5F89-4B50-A956-A61EE09B0CAC}.AppStore|ARM.Deploy.0 = Debug|Any CPU
		{204F3C8C-5F89-4B50-A956-A61EE09B0CAC}.AppStore|iPhone.ActiveCfg = Debug|Any CPU
		{204F3C8C-5F89-4B50-A956-A61EE09B0CAC}.AppStore|iPhone.Build.0 = Debug|Any CPU
		{204F3C8C-5F89-4B50-A956-A61EE09B0CAC}.AppStore|iPhone.Deploy.0 = Debug|Any CPU
		{204F3C8C-5F89-4B50-A956-A61EE09B0CAC}.AppStore|iPhoneSimulator.ActiveCfg = Debug|Any CPU
		{204F3C8C-5F89-4B50-A956-A61EE09B0CAC}.AppStore|iPhoneSimulator.Build.0 = Debug|Any CPU
		{204F3C8C-5F89-4B50-A956-A61EE09B0CAC}.AppStore|iPhoneSimulator.Deploy.0 = Debug|Any CPU
		{204F3C8C-5F89-4B50-A956-A61EE09B0CAC}.AppStore|x64.ActiveCfg = Debug|Any CPU
		{204F3C8C-5F89-4B50-A956-A61EE09B0CAC}.AppStore|x64.Build.0 = Debug|Any CPU
		{204F3C8C-5F89-4B50-A956-A61EE09B0CAC}.AppStore|x64.Deploy.0 = Debug|Any CPU
		{204F3C8C-5F89-4B50-A956-A61EE09B0CAC}.AppStore|x86.ActiveCfg = Debug|Any CPU
		{204F3C8C-5F89-4B50-A956-A61EE09B0CAC}.AppStore|x86.Build.0 = Debug|Any CPU
		{204F3C8C-5F89-4B50-A956-A61EE09B0CAC}.AppStore|x86.Deploy.0 = Debug|Any CPU
		{204F3C8C-5F89-4B50-A956-A61EE09B0CAC}.Debug|Any CPU.ActiveCfg = Debug|Any CPU
		{204F3C8C-5F89-4B50-A956-A61EE09B0CAC}.Debug|Any CPU.Build.0 = Debug|Any CPU
		{204F3C8C-5F89-4B50-A956-A61EE09B0CAC}.Debug|Any CPU.Deploy.0 = Debug|Any CPU
		{204F3C8C-5F89-4B50-A956-A61EE09B0CAC}.Debug|ARM.ActiveCfg = Debug|Any CPU
		{204F3C8C-5F89-4B50-A956-A61EE09B0CAC}.Debug|ARM.Build.0 = Debug|Any CPU
		{204F3C8C-5F89-4B50-A956-A61EE09B0CAC}.Debug|ARM.Deploy.0 = Debug|Any CPU
		{204F3C8C-5F89-4B50-A956-A61EE09B0CAC}.Debug|iPhone.ActiveCfg = Debug|Any CPU
		{204F3C8C-5F89-4B50-A956-A61EE09B0CAC}.Debug|iPhone.Build.0 = Debug|Any CPU
		{204F3C8C-5F89-4B50-A956-A61EE09B0CAC}.Debug|iPhone.Deploy.0 = Debug|Any CPU
		{204F3C8C-5F89-4B50-A956-A61EE09B0CAC}.Debug|iPhoneSimulator.ActiveCfg = Debug|Any CPU
		{204F3C8C-5F89-4B50-A956-A61EE09B0CAC}.Debug|iPhoneSimulator.Build.0 = Debug|Any CPU
		{204F3C8C-5F89-4B50-A956-A61EE09B0CAC}.Debug|iPhoneSimulator.Deploy.0 = Debug|Any CPU
		{204F3C8C-5F89-4B50-A956-A61EE09B0CAC}.Debug|x64.ActiveCfg = Debug|Any CPU
		{204F3C8C-5F89-4B50-A956-A61EE09B0CAC}.Debug|x64.Build.0 = Debug|Any CPU
		{204F3C8C-5F89-4B50-A956-A61EE09B0CAC}.Debug|x64.Deploy.0 = Debug|Any CPU
		{204F3C8C-5F89-4B50-A956-A61EE09B0CAC}.Debug|x86.ActiveCfg = Debug|Any CPU
		{204F3C8C-5F89-4B50-A956-A61EE09B0CAC}.Debug|x86.Build.0 = Debug|Any CPU
		{204F3C8C-5F89-4B50-A956-A61EE09B0CAC}.Debug|x86.Deploy.0 = Debug|Any CPU
		{204F3C8C-5F89-4B50-A956-A61EE09B0CAC}.Release|Any CPU.ActiveCfg = Release|Any CPU
		{204F3C8C-5F89-4B50-A956-A61EE09B0CAC}.Release|Any CPU.Build.0 = Release|Any CPU
		{204F3C8C-5F89-4B50-A956-A61EE09B0CAC}.Release|Any CPU.Deploy.0 = Release|Any CPU
		{204F3C8C-5F89-4B50-A956-A61EE09B0CAC}.Release|ARM.ActiveCfg = Release|Any CPU
		{204F3C8C-5F89-4B50-A956-A61EE09B0CAC}.Release|ARM.Build.0 = Release|Any CPU
		{204F3C8C-5F89-4B50-A956-A61EE09B0CAC}.Release|ARM.Deploy.0 = Release|Any CPU
		{204F3C8C-5F89-4B50-A956-A61EE09B0CAC}.Release|iPhone.ActiveCfg = Release|Any CPU
		{204F3C8C-5F89-4B50-A956-A61EE09B0CAC}.Release|iPhone.Build.0 = Release|Any CPU
		{204F3C8C-5F89-4B50-A956-A61EE09B0CAC}.Release|iPhone.Deploy.0 = Release|Any CPU
		{204F3C8C-5F89-4B50-A956-A61EE09B0CAC}.Release|iPhoneSimulator.ActiveCfg = Release|Any CPU
		{204F3C8C-5F89-4B50-A956-A61EE09B0CAC}.Release|iPhoneSimulator.Build.0 = Release|Any CPU
		{204F3C8C-5F89-4B50-A956-A61EE09B0CAC}.Release|iPhoneSimulator.Deploy.0 = Release|Any CPU
		{204F3C8C-5F89-4B50-A956-A61EE09B0CAC}.Release|x64.ActiveCfg = Release|Any CPU
		{204F3C8C-5F89-4B50-A956-A61EE09B0CAC}.Release|x64.Build.0 = Release|Any CPU
		{204F3C8C-5F89-4B50-A956-A61EE09B0CAC}.Release|x64.Deploy.0 = Release|Any CPU
		{204F3C8C-5F89-4B50-A956-A61EE09B0CAC}.Release|x86.ActiveCfg = Release|Any CPU
		{204F3C8C-5F89-4B50-A956-A61EE09B0CAC}.Release|x86.Build.0 = Release|Any CPU
		{204F3C8C-5F89-4B50-A956-A61EE09B0CAC}.Release|x86.Deploy.0 = Release|Any CPU
	EndGlobalSection
	GlobalSection(SolutionProperties) = preSolution
		HideSolutionNode = FALSE
	EndGlobalSection
	GlobalSection(ExtensibilityGlobals) = postSolution
		SolutionGuid = {8AE9ED98-DD22-4F4B-8D02-AA9E13ACCE44}
	EndGlobalSection
EndGlobal
